
Microsoft Visual Studio Solution File, Format Version 12.00
# Visual Studio Version 16
VisualStudioVersion = 16.0.30611.23
MinimumVisualStudioVersion = 10.0.40219.1
Project("{2150E333-8FDC-42A3-9474-1A3956D46DE8}") = "src", "src", "{005FA37D-6A2A-49F5-9D74-450BF3BBB57E}"
EndProject
Project("{2150E333-8FDC-42A3-9474-1A3956D46DE8}") = "Catalog", "Catalog", "{62333B6E-4C39-439F-9D55-3A33046336A0}"
EndProject
Project("{9A19103F-16F7-4668-BE54-9A1E7A4F7556}") = "Catalog.API", "src\Catalog\Catalog.API\Catalog.API.csproj", "{304045EE-E724-45FD-8AEC-31BD4D8C4530}"
EndProject
Project("{2150E333-8FDC-42A3-9474-1A3956D46DE8}") = "Basket", "Basket", "{2DF06CB7-F93A-4D64-BB8B-E6A015435B2B}"
EndProject
Project("{2150E333-8FDC-42A3-9474-1A3956D46DE8}") = "Common", "Common", "{33D0EC36-4737-43CA-9918-BD49426C256E}"
EndProject
Project("{9A19103F-16F7-4668-BE54-9A1E7A4F7556}") = "EventBusRabbitMQ", "src\Common\EventBusRabbitMQ\EventBusRabbitMQ.csproj", "{0D502D2B-8727-4F22-9221-738D019A0F0A}"
EndProject
Project("{9A19103F-16F7-4668-BE54-9A1E7A4F7556}") = "Basket.API", "src\Basket\Basket.API\Basket.API.csproj", "{E06DDC14-BF35-4052-B4B1-52ABD8B40F55}"
EndProject
Project("{2150E333-8FDC-42A3-9474-1A3956D46DE8}") = "Ordering", "Ordering", "{CCDB1BCF-4976-493A-BE53-A3419F06DE75}"
EndProject
Project("{E53339B2-1760-4266-BCC7-CA923CBCF16C}") = "docker-compose", "docker-compose.dcproj", "{15B054FB-F0F3-4497-BC7E-9E8A667F0C08}"
EndProject
Project("{9A19103F-16F7-4668-BE54-9A1E7A4F7556}") = "Ordering.Application", "src\Ordering\Ordering.Application\Ordering.Application.csproj", "{1891792F-81F1-4D10-9537-839FC790EDF4}"
EndProject
Project("{9A19103F-16F7-4668-BE54-9A1E7A4F7556}") = "Ordering.Core", "src\Ordering\Ordering.Core\Ordering.Core.csproj", "{5575DCAC-56D2-4E24-9E3D-D385B6EAAB1E}"
EndProject
Project("{9A19103F-16F7-4668-BE54-9A1E7A4F7556}") = "Ordering.Infrastructure", "src\Orering\Ordering.Infrastructure\Ordering.Infrastructure.csproj", "{DB9D8802-7986-46EB-8058-C6A449336B50}"
EndProject
Project("{9A19103F-16F7-4668-BE54-9A1E7A4F7556}") = "OrderingAPI", "src\Ordering\OrderingAPI\OrderingAPI.csproj", "{60838F28-4B6D-4E46-86D5-B3A18D266C26}"
EndProject
Project("{2150E333-8FDC-42A3-9474-1A3956D46DE8}") = "ApiGateway", "ApiGateway", "{2530DEA7-5AEA-4E5A-ADAF-B5F7EB072AFD}"
EndProject
Project("{FAE04EC0-301F-11D3-BF4B-00C04F79EFBC}") = "OcelotAPIGateway", "src\ApiGateway\OcelotAPIGateway\OcelotAPIGateway.csproj", "{969A8718-DA52-4305-A8E1-67AF2C706A0E}"
EndProject
Global
	GlobalSection(SolutionConfigurationPlatforms) = preSolution
		Debug|Any CPU = Debug|Any CPU
		Release|Any CPU = Release|Any CPU
	EndGlobalSection
	GlobalSection(ProjectConfigurationPlatforms) = postSolution
		{304045EE-E724-45FD-8AEC-31BD4D8C4530}.Debug|Any CPU.ActiveCfg = Debug|Any CPU
		{304045EE-E724-45FD-8AEC-31BD4D8C4530}.Debug|Any CPU.Build.0 = Debug|Any CPU
		{304045EE-E724-45FD-8AEC-31BD4D8C4530}.Release|Any CPU.ActiveCfg = Release|Any CPU
		{304045EE-E724-45FD-8AEC-31BD4D8C4530}.Release|Any CPU.Build.0 = Release|Any CPU
		{0D502D2B-8727-4F22-9221-738D019A0F0A}.Debug|Any CPU.ActiveCfg = Debug|Any CPU
		{0D502D2B-8727-4F22-9221-738D019A0F0A}.Debug|Any CPU.Build.0 = Debug|Any CPU
		{0D502D2B-8727-4F22-9221-738D019A0F0A}.Release|Any CPU.ActiveCfg = Release|Any CPU
		{0D502D2B-8727-4F22-9221-738D019A0F0A}.Release|Any CPU.Build.0 = Release|Any CPU
		{E06DDC14-BF35-4052-B4B1-52ABD8B40F55}.Debug|Any CPU.ActiveCfg = Debug|Any CPU
		{E06DDC14-BF35-4052-B4B1-52ABD8B40F55}.Debug|Any CPU.Build.0 = Debug|Any CPU
		{E06DDC14-BF35-4052-B4B1-52ABD8B40F55}.Release|Any CPU.ActiveCfg = Release|Any CPU
		{E06DDC14-BF35-4052-B4B1-52ABD8B40F55}.Release|Any CPU.Build.0 = Release|Any CPU
		{15B054FB-F0F3-4497-BC7E-9E8A667F0C08}.Debug|Any CPU.ActiveCfg = Debug|Any CPU
		{15B054FB-F0F3-4497-BC7E-9E8A667F0C08}.Debug|Any CPU.Build.0 = Debug|Any CPU
		{15B054FB-F0F3-4497-BC7E-9E8A667F0C08}.Release|Any CPU.ActiveCfg = Release|Any CPU
		{15B054FB-F0F3-4497-BC7E-9E8A667F0C08}.Release|Any CPU.Build.0 = Release|Any CPU
		{1891792F-81F1-4D10-9537-839FC790EDF4}.Debug|Any CPU.ActiveCfg = Debug|Any CPU
		{1891792F-81F1-4D10-9537-839FC790EDF4}.Debug|Any CPU.Build.0 = Debug|Any CPU
		{1891792F-81F1-4D10-9537-839FC790EDF4}.Release|Any CPU.ActiveCfg = Release|Any CPU
		{1891792F-81F1-4D10-9537-839FC790EDF4}.Release|Any CPU.Build.0 = Release|Any CPU
		{5575DCAC-56D2-4E24-9E3D-D385B6EAAB1E}.Debug|Any CPU.ActiveCfg = Debug|Any CPU
		{5575DCAC-56D2-4E24-9E3D-D385B6EAAB1E}.Debug|Any CPU.Build.0 = Debug|Any CPU
		{5575DCAC-56D2-4E24-9E3D-D385B6EAAB1E}.Release|Any CPU.ActiveCfg = Release|Any CPU
		{5575DCAC-56D2-4E24-9E3D-D385B6EAAB1E}.Release|Any CPU.Build.0 = Release|Any CPU
		{DB9D8802-7986-46EB-8058-C6A449336B50}.Debug|Any CPU.ActiveCfg = Debug|Any CPU
		{DB9D8802-7986-46EB-8058-C6A449336B50}.Debug|Any CPU.Build.0 = Debug|Any CPU
		{DB9D8802-7986-46EB-8058-C6A449336B50}.Release|Any CPU.ActiveCfg = Release|Any CPU
		{DB9D8802-7986-46EB-8058-C6A449336B50}.Release|Any CPU.Build.0 = Release|Any CPU
		{60838F28-4B6D-4E46-86D5-B3A18D266C26}.Debug|Any CPU.ActiveCfg = Debug|Any CPU
		{60838F28-4B6D-4E46-86D5-B3A18D266C26}.Debug|Any CPU.Build.0 = Debug|Any CPU
		{60838F28-4B6D-4E46-86D5-B3A18D266C26}.Release|Any CPU.ActiveCfg = Release|Any CPU
		{60838F28-4B6D-4E46-86D5-B3A18D266C26}.Release|Any CPU.Build.0 = Release|Any CPU
		{969A8718-DA52-4305-A8E1-67AF2C706A0E}.Debug|Any CPU.ActiveCfg = Debug|Any CPU
		{969A8718-DA52-4305-A8E1-67AF2C706A0E}.Debug|Any CPU.Build.0 = Debug|Any CPU
		{969A8718-DA52-4305-A8E1-67AF2C706A0E}.Release|Any CPU.ActiveCfg = Release|Any CPU
		{969A8718-DA52-4305-A8E1-67AF2C706A0E}.Release|Any CPU.Build.0 = Release|Any CPU
	EndGlobalSection
	GlobalSection(SolutionProperties) = preSolution
		HideSolutionNode = FALSE
	EndGlobalSection
	GlobalSection(NestedProjects) = preSolution
		{62333B6E-4C39-439F-9D55-3A33046336A0} = {005FA37D-6A2A-49F5-9D74-450BF3BBB57E}
		{304045EE-E724-45FD-8AEC-31BD4D8C4530} = {62333B6E-4C39-439F-9D55-3A33046336A0}
		{2DF06CB7-F93A-4D64-BB8B-E6A015435B2B} = {005FA37D-6A2A-49F5-9D74-450BF3BBB57E}
		{33D0EC36-4737-43CA-9918-BD49426C256E} = {005FA37D-6A2A-49F5-9D74-450BF3BBB57E}
		{0D502D2B-8727-4F22-9221-738D019A0F0A} = {33D0EC36-4737-43CA-9918-BD49426C256E}
		{E06DDC14-BF35-4052-B4B1-52ABD8B40F55} = {2DF06CB7-F93A-4D64-BB8B-E6A015435B2B}
		{CCDB1BCF-4976-493A-BE53-A3419F06DE75} = {005FA37D-6A2A-49F5-9D74-450BF3BBB57E}
		{1891792F-81F1-4D10-9537-839FC790EDF4} = {CCDB1BCF-4976-493A-BE53-A3419F06DE75}
		{5575DCAC-56D2-4E24-9E3D-D385B6EAAB1E} = {CCDB1BCF-4976-493A-BE53-A3419F06DE75}
		{DB9D8802-7986-46EB-8058-C6A449336B50} = {CCDB1BCF-4976-493A-BE53-A3419F06DE75}
		{60838F28-4B6D-4E46-86D5-B3A18D266C26} = {CCDB1BCF-4976-493A-BE53-A3419F06DE75}
		{2530DEA7-5AEA-4E5A-ADAF-B5F7EB072AFD} = {005FA37D-6A2A-49F5-9D74-450BF3BBB57E}
		{969A8718-DA52-4305-A8E1-67AF2C706A0E} = {2530DEA7-5AEA-4E5A-ADAF-B5F7EB072AFD}
	EndGlobalSection
	GlobalSection(ExtensibilityGlobals) = postSolution
		SolutionGuid = {D5DE05C8-28B1-4F2E-9735-0E7D389A836D}
	EndGlobalSection
EndGlobal
